
Microsoft Visual Studio Solution File, Format Version 12.00
# Visual Studio Version 17
VisualStudioVersion = 17.13.35818.85
MinimumVisualStudioVersion = 10.0.40219.1
Project("{2150E333-8FDC-42A3-9474-1A3956D46DE8}") = "Services", "Services", "{02EA681E-C7D8-13C7-8484-4AC65E1B71E8}"
EndProject
Project("{2150E333-8FDC-42A3-9474-1A3956D46DE8}") = "Catalog", "Catalog", "{624AD144-E0C2-43A3-A065-54AC1045DDDE}"
EndProject
Project("{FAE04EC0-301F-11D3-BF4B-00C04F79EFBC}") = "Catalog.API", "Services\Catalog\Catalog.API\Catalog.API.csproj", "{778C769E-2579-4633-BF84-1E61F85AD0D7}"
EndProject
Project("{2150E333-8FDC-42A3-9474-1A3956D46DE8}") = "BuildingBlocks", "BuildingBlocks", "{6F699E7D-7133-44E8-A8AD-A91E3A934AA2}"
EndProject
Project("{FAE04EC0-301F-11D3-BF4B-00C04F79EFBC}") = "BuildingBlocks", "BuildingBlocks\BuildingBlocks\BuildingBlocks.csproj", "{65F10EAF-1A9C-4FE1-A71C-8F643E0383EB}"
EndProject
Global
	GlobalSection(SolutionConfigurationPlatforms) = preSolution
		Debug|Any CPU = Debug|Any CPU
		Release|Any CPU = Release|Any CPU
	EndGlobalSection
	GlobalSection(ProjectConfigurationPlatforms) = postSolution
		{778C769E-2579-4633-BF84-1E61F85AD0D7}.Debug|Any CPU.ActiveCfg = Debug|Any CPU
		{778C769E-2579-4633-BF84-1E61F85AD0D7}.Debug|Any CPU.Build.0 = Debug|Any CPU
		{778C769E-2579-4633-BF84-1E61F85AD0D7}.Release|Any CPU.ActiveCfg = Release|Any CPU
		{778C769E-2579-4633-BF84-1E61F85AD0D7}.Release|Any CPU.Build.0 = Release|Any CPU
		{65F10EAF-1A9C-4FE1-A71C-8F643E0383EB}.Debug|Any CPU.ActiveCfg = Debug|Any CPU
		{65F10EAF-1A9C-4FE1-A71C-8F643E0383EB}.Debug|Any CPU.Build.0 = Debug|Any CPU
		{65F10EAF-1A9C-4FE1-A71C-8F643E0383EB}.Release|Any CPU.ActiveCfg = Release|Any CPU
		{65F10EAF-1A9C-4FE1-A71C-8F643E0383EB}.Release|Any CPU.Build.0 = Release|Any CPU
	EndGlobalSection
	GlobalSection(SolutionProperties) = preSolution
		HideSolutionNode = FALSE
	EndGlobalSection
	GlobalSection(NestedProjects) = preSolution
		{624AD144-E0C2-43A3-A065-54AC1045DDDE} = {02EA681E-C7D8-13C7-8484-4AC65E1B71E8}
		{778C769E-2579-4633-BF84-1E61F85AD0D7} = {624AD144-E0C2-43A3-A065-54AC1045DDDE}
		{65F10EAF-1A9C-4FE1-A71C-8F643E0383EB} = {6F699E7D-7133-44E8-A8AD-A91E3A934AA2}
	EndGlobalSection
	GlobalSection(ExtensibilityGlobals) = postSolution
		SolutionGuid = {F44D4C0B-982A-422F-9E43-61AEE4076B6C}
	EndGlobalSection
EndGlobal
